
Microsoft Visual Studio Solution File, Format Version 12.00
# Visual Studio Version 16
VisualStudioVersion = 16.0.30804.86
MinimumVisualStudioVersion = 10.0.40219.1
Project("{FAE04EC0-301F-11D3-BF4B-00C04F79EFBC}") = "TF47-Backend", "TF47-Backend.csproj", "{4F353A76-5EFD-439E-B07F-15BAEE981BEF}"
EndProject
Global
	GlobalSection(SolutionConfigurationPlatforms) = preSolution
		Debug|Any CPU = Debug|Any CPU
		Release|Any CPU = Release|Any CPU
	EndGlobalSection
	GlobalSection(ProjectConfigurationPlatforms) = postSolution
		{4F353A76-5EFD-439E-B07F-15BAEE981BEF}.Debug|Any CPU.ActiveCfg = Debug|Any CPU
		{4F353A76-5EFD-439E-B07F-15BAEE981BEF}.Debug|Any CPU.Build.0 = Debug|Any CPU
		{4F353A76-5EFD-439E-B07F-15BAEE981BEF}.Release|Any CPU.ActiveCfg = Release|Any CPU
		{4F353A76-5EFD-439E-B07F-15BAEE981BEF}.Release|Any CPU.Build.0 = Release|Any CPU
	EndGlobalSection
	GlobalSection(SolutionProperties) = preSolution
		HideSolutionNode = FALSE
	EndGlobalSection
	GlobalSection(ExtensibilityGlobals) = postSolution
		SolutionGuid = {954E1441-D9E3-433F-B7A4-E056C0A1DC4E}
	EndGlobalSection
EndGlobal
